{
  "version": 4,
  "terraform_version": "1.2.0",
  "serial": 10,
  "lineage": "e840fdb6-0d5c-c758-4de4-3eaa304a0e0d",
  "outputs": {
    "function_name": {
      "value": "SGDemo",
      "type": "string"
    },
    "lambda_bucket_name": {
      "value": "sg-terraform-demo-illegally-honestly-upward-snipe",
      "type": "string"
    }
  },
  "resources": [
    {
      "mode": "data",
      "type": "archive_file",
      "name": "lambda_sg_demo",
      "provider": "provider[\"registry.terraform.io/hashicorp/archive\"]",
      "instances": [
        {
          "schema_version": 0,
          "attributes": {
            "excludes": null,
            "id": "0b0a5dfd1771811be266b53c59f0577453448e8c",
            "output_base64sha256": "p27RQnux3vUWfiZkDDyrQS6AtQaBaYZu8xoHYOxNiQY=",
            "output_file_mode": null,
            "output_md5": "35751ad8bc9e9534930f8fd2d1bfedc2",
            "output_path": "./sg-demo.zip",
            "output_sha": "0b0a5dfd1771811be266b53c59f0577453448e8c",
            "output_size": 347,
            "source": [],
            "source_content": null,
            "source_content_filename": null,
            "source_dir": "./sg-demo",
            "source_file": null,
            "type": "zip"
          },
          "sensitive_attributes": []
        }
      ]
    },
    {
      "mode": "managed",
      "type": "aws_cloudwatch_log_group",
      "name": "sg_demo",
      "provider": "provider[\"registry.terraform.io/hashicorp/aws\"]",
      "instances": [
        {
          "schema_version": 0,
          "attributes": {
            "arn": "arn:aws:logs:ap-south-1:757175407058:log-group:/aws/lambda/SGDemo",
            "id": "/aws/lambda/SGDemo",
            "kms_key_id": "",
            "name": "/aws/lambda/SGDemo",
            "name_prefix": "",
            "retention_in_days": 30,
            "skip_destroy": false,
            "tags": null,
            "tags_all": {}
          },
          "sensitive_attributes": [],
          "private": "bnVsbA==",
          "dependencies": [
            "aws_iam_role.lambda_exec",
            "aws_lambda_function.sg_demo",
            "aws_s3_bucket.lambda_bucket",
            "aws_s3_object.lambda_sg_demo",
            "data.archive_file.lambda_sg_demo",
            "random_pet.lambda_bucket_name"
          ]
        }
      ]
    },
    {
      "mode": "managed",
      "type": "aws_iam_role",
      "name": "lambda_exec",
      "provider": "provider[\"registry.terraform.io/hashicorp/aws\"]",
      "instances": [
        {
          "schema_version": 0,
          "attributes": {
            "arn": "arn:aws:iam::757175407058:role/serverless_lambda",
            "assume_role_policy": "{\"Statement\":[{\"Action\":\"sts:AssumeRole\",\"Effect\":\"Allow\",\"Principal\":{\"Service\":\"lambda.amazonaws.com\"},\"Sid\":\"\"}],\"Version\":\"2012-10-17\"}",
            "create_date": "2023-03-02T14:30:13Z",
            "description": "",
            "force_detach_policies": false,
            "id": "serverless_lambda",
            "inline_policy": [],
            "managed_policy_arns": [],
            "max_session_duration": 3600,
            "name": "serverless_lambda",
            "name_prefix": "",
            "path": "/",
            "permissions_boundary": null,
            "tags": null,
            "tags_all": {},
            "unique_id": "AROA3ASZL2HJDDWHBXANJ"
          },
          "sensitive_attributes": [],
          "private": "bnVsbA=="
        }
      ]
    },
    {
      "mode": "managed",
      "type": "aws_iam_role_policy_attachment",
      "name": "lambda_policy",
      "provider": "provider[\"registry.terraform.io/hashicorp/aws\"]",
      "instances": [
        {
          "schema_version": 0,
          "attributes": {
            "id": "serverless_lambda-20230302143014504100000001",
            "policy_arn": "arn:aws:iam::aws:policy/service-role/AWSLambdaBasicExecutionRole",
            "role": "serverless_lambda"
          },
          "sensitive_attributes": [],
          "private": "bnVsbA==",
          "dependencies": [
            "aws_iam_role.lambda_exec"
          ]
        }
      ]
    },
    {
      "mode": "managed",
      "type": "aws_lambda_function",
      "name": "sg_demo",
      "provider": "provider[\"registry.terraform.io/hashicorp/aws\"]",
      "instances": [
        {
          "schema_version": 0,
          "attributes": {
            "architectures": [
              "x86_64"
            ],
            "arn": "arn:aws:lambda:ap-south-1:757175407058:function:SGDemo",
            "code_signing_config_arn": "",
            "dead_letter_config": [],
            "description": "",
            "environment": [],
            "ephemeral_storage": [
              {
                "size": 512
              }
            ],
            "file_system_config": [],
            "filename": null,
            "function_name": "SGDemo",
            "handler": "demo.handler",
            "id": "SGDemo",
            "image_config": [],
            "image_uri": "",
            "invoke_arn": "arn:aws:apigateway:ap-south-1:lambda:path/2015-03-31/functions/arn:aws:lambda:ap-south-1:757175407058:function:SGDemo/invocations",
            "kms_key_arn": "",
            "last_modified": "2023-03-02T14:30:27.455+0000",
            "layers": null,
            "memory_size": 128,
            "package_type": "Zip",
            "publish": false,
            "qualified_arn": "arn:aws:lambda:ap-south-1:757175407058:function:SGDemo:$LATEST",
            "qualified_invoke_arn": "arn:aws:apigateway:ap-south-1:lambda:path/2015-03-31/functions/arn:aws:lambda:ap-south-1:757175407058:function:SGDemo:$LATEST/invocations",
            "replace_security_groups_on_destroy": null,
            "replacement_security_group_ids": null,
            "reserved_concurrent_executions": -1,
            "role": "arn:aws:iam::757175407058:role/serverless_lambda",
            "runtime": "nodejs12.x",
            "s3_bucket": "sg-terraform-demo-illegally-honestly-upward-snipe",
            "s3_key": "sg-demo.zip",
            "s3_object_version": null,
            "signing_job_arn": "",
            "signing_profile_version_arn": "",
            "snap_start": [],
            "source_code_hash": "p27RQnux3vUWfiZkDDyrQS6AtQaBaYZu8xoHYOxNiQY=",
            "source_code_size": 347,
            "tags": null,
            "tags_all": {},
            "timeout": 3,
            "timeouts": null,
            "tracing_config": [
              {
                "mode": "PassThrough"
              }
            ],
            "version": "$LATEST",
            "vpc_config": []
          },
          "sensitive_attributes": [],
          "private": "eyJlMmJmYjczMC1lY2FhLTExZTYtOGY4OC0zNDM2M2JjN2M0YzAiOnsiY3JlYXRlIjo2MDAwMDAwMDAwMDAsInVwZGF0ZSI6NjAwMDAwMDAwMDAwfX0=",
          "dependencies": [
            "aws_iam_role.lambda_exec",
            "aws_s3_bucket.lambda_bucket",
            "aws_s3_object.lambda_sg_demo",
            "data.archive_file.lambda_sg_demo",
            "random_pet.lambda_bucket_name"
          ]
        }
      ]
    },
    {
      "mode": "managed",
      "type": "aws_s3_bucket",
      "name": "lambda_bucket",
      "provider": "provider[\"registry.terraform.io/hashicorp/aws\"]",
      "instances": [
        {
          "schema_version": 0,
          "attributes": {
            "acceleration_status": "",
            "acl": null,
            "arn": "arn:aws:s3:::sg-terraform-demo-illegally-honestly-upward-snipe",
            "bucket": "sg-terraform-demo-illegally-honestly-upward-snipe",
            "bucket_domain_name": "sg-terraform-demo-illegally-honestly-upward-snipe.s3.amazonaws.com",
            "bucket_prefix": null,
            "bucket_regional_domain_name": "sg-terraform-demo-illegally-honestly-upward-snipe.s3.ap-south-1.amazonaws.com",
            "cors_rule": [],
            "force_destroy": true,
            "grant": [
              {
                "id": "acc1178dee162f585db7bb17214fc93905c15f8fbae7df2e6f8f4474481bddf0",
                "permissions": [
                  "FULL_CONTROL"
                ],
                "type": "CanonicalUser",
                "uri": ""
              }
            ],
            "hosted_zone_id": "Z11RGJOFQNVJUP",
            "id": "sg-terraform-demo-illegally-honestly-upward-snipe",
            "lifecycle_rule": [],
            "logging": [],
            "object_lock_configuration": [],
            "object_lock_enabled": false,
            "policy": "",
            "region": "ap-south-1",
            "replication_configuration": [],
            "request_payer": "BucketOwner",
            "server_side_encryption_configuration": [
              {
                "rule": [
                  {
                    "apply_server_side_encryption_by_default": [
                      {
                        "kms_master_key_id": "",
                        "sse_algorithm": "AES256"
                      }
                    ],
                    "bucket_key_enabled": false
                  }
                ]
              }
            ],
            "tags": null,
            "tags_all": {},
            "timeouts": null,
            "versioning": [
              {
                "enabled": false,
                "mfa_delete": false
              }
            ],
            "website": [],
            "website_domain": null,
            "website_endpoint": null
          },
          "sensitive_attributes": [],
          "private": "eyJlMmJmYjczMC1lY2FhLTExZTYtOGY4OC0zNDM2M2JjN2M0YzAiOnsiY3JlYXRlIjoxMjAwMDAwMDAwMDAwLCJkZWxldGUiOjM2MDAwMDAwMDAwMDAsInJlYWQiOjEyMDAwMDAwMDAwMDAsInVwZGF0ZSI6MTIwMDAwMDAwMDAwMH19",
          "dependencies": [
            "random_pet.lambda_bucket_name"
          ]
        }
      ]
    },
    {
      "mode": "managed",
      "type": "aws_s3_bucket_acl",
      "name": "lambda_bucket_acl",
      "provider": "provider[\"registry.terraform.io/hashicorp/aws\"]",
      "instances": [
        {
          "schema_version": 0,
          "attributes": {
            "access_control_policy": [
              {
                "grant": [
                  {
                    "grantee": [
                      {
                        "display_name": "",
                        "email_address": "",
                        "id": "acc1178dee162f585db7bb17214fc93905c15f8fbae7df2e6f8f4474481bddf0",
                        "type": "CanonicalUser",
                        "uri": ""
                      }
                    ],
                    "permission": "FULL_CONTROL"
                  }
                ],
                "owner": [
                  {
                    "display_name": "",
                    "id": "acc1178dee162f585db7bb17214fc93905c15f8fbae7df2e6f8f4474481bddf0"
                  }
                ]
              }
            ],
            "acl": "private",
            "bucket": "sg-terraform-demo-illegally-honestly-upward-snipe",
            "expected_bucket_owner": "",
            "id": "sg-terraform-demo-illegally-honestly-upward-snipe,private"
          },
          "sensitive_attributes": [],
          "private": "bnVsbA==",
          "dependencies": [
            "aws_s3_bucket.lambda_bucket",
            "random_pet.lambda_bucket_name"
          ]
        }
      ]
    },
    {
      "mode": "managed",
      "type": "aws_s3_object",
      "name": "lambda_sg_demo",
      "provider": "provider[\"registry.terraform.io/hashicorp/aws\"]",
      "instances": [
        {
          "schema_version": 0,
          "attributes": {
            "acl": "private",
            "bucket": "sg-terraform-demo-illegally-honestly-upward-snipe",
            "bucket_key_enabled": false,
            "cache_control": "",
            "content": null,
            "content_base64": null,
            "content_disposition": "",
            "content_encoding": "",
            "content_language": "",
            "content_type": "binary/octet-stream",
            "etag": "35751ad8bc9e9534930f8fd2d1bfedc2",
            "force_destroy": false,
            "id": "sg-demo.zip",
            "key": "sg-demo.zip",
            "kms_key_id": null,
            "metadata": null,
            "object_lock_legal_hold_status": "",
            "object_lock_mode": "",
            "object_lock_retain_until_date": "",
            "server_side_encryption": "AES256",
            "source": "./sg-demo.zip",
            "source_hash": null,
            "storage_class": "STANDARD",
            "tags": null,
            "tags_all": {},
            "version_id": "",
            "website_redirect": ""
          },
          "sensitive_attributes": [],
          "private": "bnVsbA==",
          "dependencies": [
            "aws_s3_bucket.lambda_bucket",
            "data.archive_file.lambda_sg_demo",
            "random_pet.lambda_bucket_name"
          ]
        }
      ]
    },
    {
      "mode": "managed",
      "type": "random_pet",
      "name": "lambda_bucket_name",
      "provider": "provider[\"registry.terraform.io/hashicorp/random\"]",
      "instances": [
        {
          "schema_version": 0,
          "attributes": {
            "id": "sg-terraform-demo-illegally-honestly-upward-snipe",
            "keepers": null,
            "length": 4,
            "prefix": "sg-terraform-demo",
            "separator": "-"
          },
          "sensitive_attributes": [],
          "private": "bnVsbA=="
        }
      ]
    }
  ]
}
